
Microsoft Visual Studio Solution File, Format Version 12.00
# Visual Studio Version 17
VisualStudioVersion = 17.3.32825.248
MinimumVisualStudioVersion = 10.0.40219.1
Project("{FAE04EC0-301F-11D3-BF4B-00C04F79EFBC}") = "Tetris game", "Tetris game.csproj", "{D697669C-C1F4-4581-B5A1-7B2FB47E689C}"
EndProject
Global
	GlobalSection(SolutionConfigurationPlatforms) = preSolution
		Debug|Any CPU = Debug|Any CPU
		Release|Any CPU = Release|Any CPU
	EndGlobalSection
	GlobalSection(ProjectConfigurationPlatforms) = postSolution
		{D697669C-C1F4-4581-B5A1-7B2FB47E689C}.Debug|Any CPU.ActiveCfg = Debug|Any CPU
		{D697669C-C1F4-4581-B5A1-7B2FB47E689C}.Debug|Any CPU.Build.0 = Debug|Any CPU
		{D697669C-C1F4-4581-B5A1-7B2FB47E689C}.Release|Any CPU.ActiveCfg = Release|Any CPU
		{D697669C-C1F4-4581-B5A1-7B2FB47E689C}.Release|Any CPU.Build.0 = Release|Any CPU
	EndGlobalSection
	GlobalSection(SolutionProperties) = preSolution
		HideSolutionNode = FALSE
	EndGlobalSection
	GlobalSection(ExtensibilityGlobals) = postSolution
		SolutionGuid = {DF58C1C6-AA08-4501-8191-5A7FA452B73A}
	EndGlobalSection
EndGlobal
